
Microsoft Visual Studio Solution File, Format Version 12.00
# Visual Studio Version 17
VisualStudioVersion = 17.11.35208.52
MinimumVisualStudioVersion = 10.0.40219.1
Project("{FAE04EC0-301F-11D3-BF4B-00C04F79EFBC}") = "ApiAppMesaDeAyuda", "ApiAppMesaDeAyuda\ApiAppMesaDeAyuda.csproj", "{3BDA7352-EB9E-4CF8-B22F-CC76E26CE57A}"
EndProject
Global
	GlobalSection(SolutionConfigurationPlatforms) = preSolution
		Debug|Any CPU = Debug|Any CPU
		Release|Any CPU = Release|Any CPU
	EndGlobalSection
	GlobalSection(ProjectConfigurationPlatforms) = postSolution
		{3BDA7352-EB9E-4CF8-B22F-CC76E26CE57A}.Debug|Any CPU.ActiveCfg = Debug|Any CPU
		{3BDA7352-EB9E-4CF8-B22F-CC76E26CE57A}.Debug|Any CPU.Build.0 = Debug|Any CPU
		{3BDA7352-EB9E-4CF8-B22F-CC76E26CE57A}.Release|Any CPU.ActiveCfg = Release|Any CPU
		{3BDA7352-EB9E-4CF8-B22F-CC76E26CE57A}.Release|Any CPU.Build.0 = Release|Any CPU
	EndGlobalSection
	GlobalSection(SolutionProperties) = preSolution
		HideSolutionNode = FALSE
	EndGlobalSection
	GlobalSection(ExtensibilityGlobals) = postSolution
		SolutionGuid = {F291D7CE-52D6-4C63-892D-58D7F54B3A19}
	EndGlobalSection
EndGlobal
